
Microsoft Visual Studio Solution File, Format Version 12.00
# Visual Studio Version 16
VisualStudioVersion = 16.0.29215.179
MinimumVisualStudioVersion = 10.0.40219.1
Project("{FAE04EC0-301F-11D3-BF4B-00C04F79EFBC}") = "WSP_4_ASMX", "WSP_4_ASMX\WSP_4_ASMX.csproj", "{EA93108B-8A8A-4378-A20C-86D60FCD46D2}"
EndProject
Project("{FAE04EC0-301F-11D3-BF4B-00C04F79EFBC}") = "WinForms_Client", "WinForms_Client\WinForms_Client.csproj", "{D67EF8EA-832C-47C5-BEFF-AADE6BCB14ED}"
EndProject
Project("{FAE04EC0-301F-11D3-BF4B-00C04F79EFBC}") = "Another_WinForms", "Another_WinForms\Another_WinForms.csproj", "{EDEE24F0-7F09-417F-A314-4AB7D4DC949C}"
EndProject
Project("{FAE04EC0-301F-11D3-BF4B-00C04F79EFBC}") = "Separate_WebForms", "Separate_WebForms\Separate_WebForms.csproj", "{3C5C1966-665C-4074-BAA5-5F069592185F}"
EndProject
Project("{FAE04EC0-301F-11D3-BF4B-00C04F79EFBC}") = "App_For_AddS", "App_For_AddS\App_For_AddS.csproj", "{B266E99E-4560-46A3-83E2-228EAF517671}"
EndProject
Global
	GlobalSection(SolutionConfigurationPlatforms) = preSolution
		Debug|Any CPU = Debug|Any CPU
		Release|Any CPU = Release|Any CPU
	EndGlobalSection
	GlobalSection(ProjectConfigurationPlatforms) = postSolution
		{EA93108B-8A8A-4378-A20C-86D60FCD46D2}.Debug|Any CPU.ActiveCfg = Debug|Any CPU
		{EA93108B-8A8A-4378-A20C-86D60FCD46D2}.Debug|Any CPU.Build.0 = Debug|Any CPU
		{EA93108B-8A8A-4378-A20C-86D60FCD46D2}.Release|Any CPU.ActiveCfg = Release|Any CPU
		{EA93108B-8A8A-4378-A20C-86D60FCD46D2}.Release|Any CPU.Build.0 = Release|Any CPU
		{D67EF8EA-832C-47C5-BEFF-AADE6BCB14ED}.Debug|Any CPU.ActiveCfg = Debug|Any CPU
		{D67EF8EA-832C-47C5-BEFF-AADE6BCB14ED}.Debug|Any CPU.Build.0 = Debug|Any CPU
		{D67EF8EA-832C-47C5-BEFF-AADE6BCB14ED}.Release|Any CPU.ActiveCfg = Release|Any CPU
		{D67EF8EA-832C-47C5-BEFF-AADE6BCB14ED}.Release|Any CPU.Build.0 = Release|Any CPU
		{EDEE24F0-7F09-417F-A314-4AB7D4DC949C}.Debug|Any CPU.ActiveCfg = Debug|Any CPU
		{EDEE24F0-7F09-417F-A314-4AB7D4DC949C}.Debug|Any CPU.Build.0 = Debug|Any CPU
		{EDEE24F0-7F09-417F-A314-4AB7D4DC949C}.Release|Any CPU.ActiveCfg = Release|Any CPU
		{EDEE24F0-7F09-417F-A314-4AB7D4DC949C}.Release|Any CPU.Build.0 = Release|Any CPU
		{3C5C1966-665C-4074-BAA5-5F069592185F}.Debug|Any CPU.ActiveCfg = Debug|Any CPU
		{3C5C1966-665C-4074-BAA5-5F069592185F}.Debug|Any CPU.Build.0 = Debug|Any CPU
		{3C5C1966-665C-4074-BAA5-5F069592185F}.Release|Any CPU.ActiveCfg = Release|Any CPU
		{3C5C1966-665C-4074-BAA5-5F069592185F}.Release|Any CPU.Build.0 = Release|Any CPU
		{B266E99E-4560-46A3-83E2-228EAF517671}.Debug|Any CPU.ActiveCfg = Debug|Any CPU
		{B266E99E-4560-46A3-83E2-228EAF517671}.Debug|Any CPU.Build.0 = Debug|Any CPU
		{B266E99E-4560-46A3-83E2-228EAF517671}.Release|Any CPU.ActiveCfg = Release|Any CPU
		{B266E99E-4560-46A3-83E2-228EAF517671}.Release|Any CPU.Build.0 = Release|Any CPU
	EndGlobalSection
	GlobalSection(SolutionProperties) = preSolution
		HideSolutionNode = FALSE
	EndGlobalSection
	GlobalSection(ExtensibilityGlobals) = postSolution
		SolutionGuid = {E09ADB2D-660C-4B42-97F0-87A59EC0B338}
	EndGlobalSection
EndGlobal
